// !$*UTF8*$!
{
	archiveVersion = 1;
	classes = {
	};
	objectVersion = 46;
	objects = {

/* Begin PBXBuildFile section */
		4140381A1334E32F000A5B0D /* UIKit.framework in Frameworks */ = {isa = PBXBuildFile; fileRef = 414038191334E32F000A5B0D /* UIKit.framework */; };
		4140381C1334E32F000A5B0D /* Foundation.framework in Frameworks */ = {isa = PBXBuildFile; fileRef = 4140381B1334E32F000A5B0D /* Foundation.framework */; };
		4140381E1334E32F000A5B0D /* CoreGraphics.framework in Frameworks */ = {isa = PBXBuildFile; fileRef = 4140381D1334E32F000A5B0D /* CoreGraphics.framework */; };
		414038201334E32F000A5B0D /* CoreData.framework in Frameworks */ = {isa = PBXBuildFile; fileRef = 4140381F1334E32F000A5B0D /* CoreData.framework */; };
		414038261334E32F000A5B0D /* InfoPlist.strings in Resources */ = {isa = PBXBuildFile; fileRef = 414038241334E32F000A5B0D /* InfoPlist.strings */; };
		414038291334E32F000A5B0D /* main.m in Sources */ = {isa = PBXBuildFile; fileRef = 414038281334E32F000A5B0D /* main.m */; };
		4140382C1334E32F000A5B0D /* imPulseAppDelegate.m in Sources */ = {isa = PBXBuildFile; fileRef = 4140382B1334E32F000A5B0D /* imPulseAppDelegate.m */; };
		4140382F1334E32F000A5B0D /* imPulse.xcdatamodeld in Sources */ = {isa = PBXBuildFile; fileRef = 4140382D1334E32F000A5B0D /* imPulse.xcdatamodeld */; };
		414038321334E32F000A5B0D /* MainWindow.xib in Resources */ = {isa = PBXBuildFile; fileRef = 414038301334E32F000A5B0D /* MainWindow.xib */; };
		414038351334E32F000A5B0D /* MainViewController.m in Sources */ = {isa = PBXBuildFile; fileRef = 414038341334E32F000A5B0D /* MainViewController.m */; };
		414038371334E32F000A5B0D /* MainView.xib in Resources */ = {isa = PBXBuildFile; fileRef = 414038361334E32F000A5B0D /* MainView.xib */; };
		4140383A1334E32F000A5B0D /* FlipsideViewController.m in Sources */ = {isa = PBXBuildFile; fileRef = 414038391334E32F000A5B0D /* FlipsideViewController.m */; };
		4140383C1334E32F000A5B0D /* FlipsideView.xib in Resources */ = {isa = PBXBuildFile; fileRef = 4140383B1334E32F000A5B0D /* FlipsideView.xib */; };
		414038431334E330000A5B0D /* UIKit.framework in Frameworks */ = {isa = PBXBuildFile; fileRef = 414038191334E32F000A5B0D /* UIKit.framework */; };
		414038441334E330000A5B0D /* Foundation.framework in Frameworks */ = {isa = PBXBuildFile; fileRef = 4140381B1334E32F000A5B0D /* Foundation.framework */; };
		414038451334E330000A5B0D /* CoreGraphics.framework in Frameworks */ = {isa = PBXBuildFile; fileRef = 4140381D1334E32F000A5B0D /* CoreGraphics.framework */; };
		414038461334E330000A5B0D /* CoreData.framework in Frameworks */ = {isa = PBXBuildFile; fileRef = 4140381F1334E32F000A5B0D /* CoreData.framework */; };
		4140384E1334E330000A5B0D /* InfoPlist.strings in Resources */ = {isa = PBXBuildFile; fileRef = 4140384C1334E330000A5B0D /* InfoPlist.strings */; };
		414038511334E330000A5B0D /* imPulseTests.h in Resources */ = {isa = PBXBuildFile; fileRef = 414038501334E330000A5B0D /* imPulseTests.h */; };
		414038531334E330000A5B0D /* imPulseTests.m in Sources */ = {isa = PBXBuildFile; fileRef = 414038521334E330000A5B0D /* imPulseTests.m */; };
		41E42F62133800BD0069619A /* icon.png in Resources */ = {isa = PBXBuildFile; fileRef = 41E42F61133800BD0069619A /* icon.png */; };
		41E42F64133800C20069619A /* icon@2x.png in Resources */ = {isa = PBXBuildFile; fileRef = 41E42F63133800C20069619A /* icon@2x.png */; };
		41ED516213352181001B5B8A /* Default@2x.png in Resources */ = {isa = PBXBuildFile; fileRef = 41ED515F133520C5001B5B8A /* Default@2x.png */; };
		41ED516413352187001B5B8A /* Default.png in Resources */ = {isa = PBXBuildFile; fileRef = 41ED516313352187001B5B8A /* Default.png */; };
		41ED5168133521F0001B5B8A /* Background.png in Resources */ = {isa = PBXBuildFile; fileRef = 41ED5166133521F0001B5B8A /* Background.png */; };
		41ED5169133521F0001B5B8A /* Background@2x.png in Resources */ = {isa = PBXBuildFile; fileRef = 41ED5167133521F0001B5B8A /* Background@2x.png */; };
		C3F7F4801345077000EF76D7 /* jQueryInject.txt in Resources */ = {isa = PBXBuildFile; fileRef = C3F7F4461345077000EF76D7 /* jQueryInject.txt */; };
		C3F7F4811345077000EF76D7 /* jQueryInjectLandscape.txt in Resources */ = {isa = PBXBuildFile; fileRef = C3F7F4471345077000EF76D7 /* jQueryInjectLandscape.txt */; };
		C3F7F4821345077000EF76D7 /* libOAuth.a in Frameworks */ = {isa = PBXBuildFile; fileRef = C3F7F4481345077000EF76D7 /* libOAuth.a */; };
		C3F7F4831345077000EF76D7 /* MGTwitterEngine.m in Sources */ = {isa = PBXBuildFile; fileRef = C3F7F45B1345077000EF76D7 /* MGTwitterEngine.m */; };
		C3F7F4841345077000EF76D7 /* MGTwitterHTTPURLConnection.m in Sources */ = {isa = PBXBuildFile; fileRef = C3F7F45F1345077000EF76D7 /* MGTwitterHTTPURLConnection.m */; };
		C3F7F4851345077000EF76D7 /* MGTwitterLibXMLParser.m in Sources */ = {isa = PBXBuildFile; fileRef = C3F7F4611345077000EF76D7 /* MGTwitterLibXMLParser.m */; };
		C3F7F4861345077000EF76D7 /* MGTwitterMessagesLibXMLParser.m in Sources */ = {isa = PBXBuildFile; fileRef = C3F7F4631345077000EF76D7 /* MGTwitterMessagesLibXMLParser.m */; };
		C3F7F4871345077000EF76D7 /* MGTwitterMessagesParser.m in Sources */ = {isa = PBXBuildFile; fileRef = C3F7F4651345077000EF76D7 /* MGTwitterMessagesParser.m */; };
		C3F7F4881345077000EF76D7 /* MGTwitterMiscLibXMLParser.m in Sources */ = {isa = PBXBuildFile; fileRef = C3F7F4671345077000EF76D7 /* MGTwitterMiscLibXMLParser.m */; };
		C3F7F4891345077000EF76D7 /* MGTwitterMiscParser.m in Sources */ = {isa = PBXBuildFile; fileRef = C3F7F4691345077000EF76D7 /* MGTwitterMiscParser.m */; };
		C3F7F48A1345077000EF76D7 /* MGTwitterStatusesLibXMLParser.m in Sources */ = {isa = PBXBuildFile; fileRef = C3F7F46D1345077000EF76D7 /* MGTwitterStatusesLibXMLParser.m */; };
		C3F7F48B1345077000EF76D7 /* MGTwitterStatusesParser.m in Sources */ = {isa = PBXBuildFile; fileRef = C3F7F46F1345077000EF76D7 /* MGTwitterStatusesParser.m */; };
		C3F7F48C1345077000EF76D7 /* MGTwitterUsersLibXMLParser.m in Sources */ = {isa = PBXBuildFile; fileRef = C3F7F4711345077000EF76D7 /* MGTwitterUsersLibXMLParser.m */; };
		C3F7F48D1345077000EF76D7 /* MGTwitterUsersParser.m in Sources */ = {isa = PBXBuildFile; fileRef = C3F7F4731345077000EF76D7 /* MGTwitterUsersParser.m */; };
		C3F7F48E1345077000EF76D7 /* MGTwitterXMLParser.m in Sources */ = {isa = PBXBuildFile; fileRef = C3F7F4751345077000EF76D7 /* MGTwitterXMLParser.m */; };
		C3F7F48F1345077000EF76D7 /* NSData+Base64.m in Sources */ = {isa = PBXBuildFile; fileRef = C3F7F4771345077000EF76D7 /* NSData+Base64.m */; };
		C3F7F4901345077000EF76D7 /* NSString+UUID.m in Sources */ = {isa = PBXBuildFile; fileRef = C3F7F4791345077000EF76D7 /* NSString+UUID.m */; };
		C3F7F4911345077000EF76D7 /* loading.png in Resources */ = {isa = PBXBuildFile; fileRef = C3F7F47B1345077000EF76D7 /* loading.png */; };
		C3F7F4921345077000EF76D7 /* SA_OAuthTwitterController.m in Sources */ = {isa = PBXBuildFile; fileRef = C3F7F47D1345077000EF76D7 /* SA_OAuthTwitterController.m */; };
		C3F7F4931345077000EF76D7 /* SA_OAuthTwitterEngine.m in Sources */ = {isa = PBXBuildFile; fileRef = C3F7F47F1345077000EF76D7 /* SA_OAuthTwitterEngine.m */; };
		C3F7F496134508A300EF76D7 /* libxml2.2.dylib in Frameworks */ = {isa = PBXBuildFile; fileRef = C3F7F495134508A300EF76D7 /* libxml2.2.dylib */; };
		C3F7F498134512B200EF76D7 /* MediaPlayer.framework in Frameworks */ = {isa = PBXBuildFile; fileRef = C3F7F497134512B200EF76D7 /* MediaPlayer.framework */; };
/* End PBXBuildFile section */

/* Begin PBXContainerItemProxy section */
		414038471334E330000A5B0D /* PBXContainerItemProxy */ = {
			isa = PBXContainerItemProxy;
			containerPortal = 4140380C1334E32F000A5B0D /* Project object */;
			proxyType = 1;
			remoteGlobalIDString = 414038141334E32F000A5B0D;
			remoteInfo = imPulse;
		};
/* End PBXContainerItemProxy section */

/* Begin PBXFileReference section */
		414038151334E32F000A5B0D /* imPulse.app */ = {isa = PBXFileReference; explicitFileType = wrapper.application; includeInIndex = 0; path = imPulse.app; sourceTree = BUILT_PRODUCTS_DIR; };
		414038191334E32F000A5B0D /* UIKit.framework */ = {isa = PBXFileReference; lastKnownFileType = wrapper.framework; name = UIKit.framework; path = System/Library/Frameworks/UIKit.framework; sourceTree = SDKROOT; };
		4140381B1334E32F000A5B0D /* Foundation.framework */ = {isa = PBXFileReference; lastKnownFileType = wrapper.framework; name = Foundation.framework; path = System/Library/Frameworks/Foundation.framework; sourceTree = SDKROOT; };
		4140381D1334E32F000A5B0D /* CoreGraphics.framework */ = {isa = PBXFileReference; lastKnownFileType = wrapper.framework; name = CoreGraphics.framework; path = System/Library/Frameworks/CoreGraphics.framework; sourceTree = SDKROOT; };
		4140381F1334E32F000A5B0D /* CoreData.framework */ = {isa = PBXFileReference; lastKnownFileType = wrapper.framework; name = CoreData.framework; path = System/Library/Frameworks/CoreData.framework; sourceTree = SDKROOT; };
		414038231334E32F000A5B0D /* imPulse-Info.plist */ = {isa = PBXFileReference; lastKnownFileType = text.plist.xml; path = "imPulse-Info.plist"; sourceTree = "<group>"; };
		414038251334E32F000A5B0D /* en */ = {isa = PBXFileReference; lastKnownFileType = text.plist.strings; name = en; path = en.lproj/InfoPlist.strings; sourceTree = "<group>"; };
		414038271334E32F000A5B0D /* imPulse-Prefix.pch */ = {isa = PBXFileReference; lastKnownFileType = sourcecode.c.h; path = "imPulse-Prefix.pch"; sourceTree = "<group>"; };
		414038281334E32F000A5B0D /* main.m */ = {isa = PBXFileReference; lastKnownFileType = sourcecode.c.objc; path = main.m; sourceTree = "<group>"; };
		4140382A1334E32F000A5B0D /* imPulseAppDelegate.h */ = {isa = PBXFileReference; lastKnownFileType = sourcecode.c.h; path = imPulseAppDelegate.h; sourceTree = "<group>"; };
		4140382B1334E32F000A5B0D /* imPulseAppDelegate.m */ = {isa = PBXFileReference; lastKnownFileType = sourcecode.c.objc; path = imPulseAppDelegate.m; sourceTree = "<group>"; };
		4140382E1334E32F000A5B0D /* imPulse.xcdatamodel */ = {isa = PBXFileReference; lastKnownFileType = wrapper.xcdatamodel; path = imPulse.xcdatamodel; sourceTree = "<group>"; };
		414038311334E32F000A5B0D /* en */ = {isa = PBXFileReference; lastKnownFileType = file.xib; name = en; path = en.lproj/MainWindow.xib; sourceTree = "<group>"; };
		414038331334E32F000A5B0D /* MainViewController.h */ = {isa = PBXFileReference; lastKnownFileType = sourcecode.c.h; path = MainViewController.h; sourceTree = "<group>"; };
		414038341334E32F000A5B0D /* MainViewController.m */ = {isa = PBXFileReference; lastKnownFileType = sourcecode.c.objc; path = MainViewController.m; sourceTree = "<group>"; };
		414038361334E32F000A5B0D /* MainView.xib */ = {isa = PBXFileReference; lastKnownFileType = file.xib; path = MainView.xib; sourceTree = "<group>"; };
		414038381334E32F000A5B0D /* FlipsideViewController.h */ = {isa = PBXFileReference; lastKnownFileType = sourcecode.c.h; path = FlipsideViewController.h; sourceTree = "<group>"; };
		414038391334E32F000A5B0D /* FlipsideViewController.m */ = {isa = PBXFileReference; lastKnownFileType = sourcecode.c.objc; path = FlipsideViewController.m; sourceTree = "<group>"; };
		4140383B1334E32F000A5B0D /* FlipsideView.xib */ = {isa = PBXFileReference; lastKnownFileType = file.xib; path = FlipsideView.xib; sourceTree = "<group>"; };
		414038421334E330000A5B0D /* imPulseTests.octest */ = {isa = PBXFileReference; explicitFileType = wrapper.cfbundle; includeInIndex = 0; path = imPulseTests.octest; sourceTree = BUILT_PRODUCTS_DIR; };
		4140384B1334E330000A5B0D /* imPulseTests-Info.plist */ = {isa = PBXFileReference; lastKnownFileType = text.plist.xml; path = "imPulseTests-Info.plist"; sourceTree = "<group>"; };
		4140384D1334E330000A5B0D /* en */ = {isa = PBXFileReference; lastKnownFileType = text.plist.strings; name = en; path = en.lproj/InfoPlist.strings; sourceTree = "<group>"; };
		4140384F1334E330000A5B0D /* imPulseTests-Prefix.pch */ = {isa = PBXFileReference; lastKnownFileType = sourcecode.c.h; path = "imPulseTests-Prefix.pch"; sourceTree = "<group>"; };
		414038501334E330000A5B0D /* imPulseTests.h */ = {isa = PBXFileReference; lastKnownFileType = sourcecode.c.h; path = imPulseTests.h; sourceTree = "<group>"; };
		414038521334E330000A5B0D /* imPulseTests.m */ = {isa = PBXFileReference; lastKnownFileType = sourcecode.c.objc; path = imPulseTests.m; sourceTree = "<group>"; };
		41E42F61133800BD0069619A /* icon.png */ = {isa = PBXFileReference; lastKnownFileType = image.png; path = icon.png; sourceTree = "<group>"; };
		41E42F63133800C20069619A /* icon@2x.png */ = {isa = PBXFileReference; lastKnownFileType = image.png; path = "icon@2x.png"; sourceTree = "<group>"; };
		41ED515F133520C5001B5B8A /* Default@2x.png */ = {isa = PBXFileReference; lastKnownFileType = image.png; path = "Default@2x.png"; sourceTree = "<group>"; };
		41ED516313352187001B5B8A /* Default.png */ = {isa = PBXFileReference; lastKnownFileType = image.png; path = Default.png; sourceTree = "<group>"; };
		41ED5166133521F0001B5B8A /* Background.png */ = {isa = PBXFileReference; lastKnownFileType = image.png; path = Background.png; sourceTree = "<group>"; };
		41ED5167133521F0001B5B8A /* Background@2x.png */ = {isa = PBXFileReference; lastKnownFileType = image.png; path = "Background@2x.png"; sourceTree = "<group>"; };
		C3F7F4461345077000EF76D7 /* jQueryInject.txt */ = {isa = PBXFileReference; fileEncoding = 4; lastKnownFileType = text; path = jQueryInject.txt; sourceTree = "<group>"; };
		C3F7F4471345077000EF76D7 /* jQueryInjectLandscape.txt */ = {isa = PBXFileReference; fileEncoding = 4; lastKnownFileType = text; path = jQueryInjectLandscape.txt; sourceTree = "<group>"; };
		C3F7F4481345077000EF76D7 /* libOAuth.a */ = {isa = PBXFileReference; lastKnownFileType = archive.ar; path = libOAuth.a; sourceTree = "<group>"; };
		C3F7F44A1345077000EF76D7 /* NSMutableURLRequest+Parameters.h */ = {isa = PBXFileReference; fileEncoding = 4; lastKnownFileType = sourcecode.c.h; path = "NSMutableURLRequest+Parameters.h"; sourceTree = "<group>"; };
		C3F7F44B1345077000EF76D7 /* NSString+URLEncoding.h */ = {isa = PBXFileReference; fileEncoding = 4; lastKnownFileType = sourcecode.c.h; path = "NSString+URLEncoding.h"; sourceTree = "<group>"; };
		C3F7F44C1345077000EF76D7 /* NSURL+Base.h */ = {isa = PBXFileReference; fileEncoding = 4; lastKnownFileType = sourcecode.c.h; path = "NSURL+Base.h"; sourceTree = "<group>"; };
		C3F7F44D1345077000EF76D7 /* OAAsynchronousDataFetcher.h */ = {isa = PBXFileReference; fileEncoding = 4; lastKnownFileType = sourcecode.c.h; path = OAAsynchronousDataFetcher.h; sourceTree = "<group>"; };
		C3F7F44E1345077000EF76D7 /* OAConsumer.h */ = {isa = PBXFileReference; fileEncoding = 4; lastKnownFileType = sourcecode.c.h; path = OAConsumer.h; sourceTree = "<group>"; };
		C3F7F44F1345077000EF76D7 /* OADataFetcher.h */ = {isa = PBXFileReference; fileEncoding = 4; lastKnownFileType = sourcecode.c.h; path = OADataFetcher.h; sourceTree = "<group>"; };
		C3F7F4501345077000EF76D7 /* OAHMAC_SHA1SignatureProvider.h */ = {isa = PBXFileReference; fileEncoding = 4; lastKnownFileType = sourcecode.c.h; path = OAHMAC_SHA1SignatureProvider.h; sourceTree = "<group>"; };
		C3F7F4511345077000EF76D7 /* OAMutableURLRequest.h */ = {isa = PBXFileReference; fileEncoding = 4; lastKnownFileType = sourcecode.c.h; path = OAMutableURLRequest.h; sourceTree = "<group>"; };
		C3F7F4521345077000EF76D7 /* OAPlaintextSignatureProvider.h */ = {isa = PBXFileReference; fileEncoding = 4; lastKnownFileType = sourcecode.c.h; path = OAPlaintextSignatureProvider.h; sourceTree = "<group>"; };
		C3F7F4531345077000EF76D7 /* OARequestParameter.h */ = {isa = PBXFileReference; fileEncoding = 4; lastKnownFileType = sourcecode.c.h; path = OARequestParameter.h; sourceTree = "<group>"; };
		C3F7F4541345077000EF76D7 /* OAServiceTicket.h */ = {isa = PBXFileReference; fileEncoding = 4; lastKnownFileType = sourcecode.c.h; path = OAServiceTicket.h; sourceTree = "<group>"; };
		C3F7F4551345077000EF76D7 /* OASignatureProviding.h */ = {isa = PBXFileReference; fileEncoding = 4; lastKnownFileType = sourcecode.c.h; path = OASignatureProviding.h; sourceTree = "<group>"; };
		C3F7F4561345077000EF76D7 /* OAToken.h */ = {isa = PBXFileReference; fileEncoding = 4; lastKnownFileType = sourcecode.c.h; path = OAToken.h; sourceTree = "<group>"; };
		C3F7F4571345077000EF76D7 /* OAToken_KeychainExtensions.h */ = {isa = PBXFileReference; fileEncoding = 4; lastKnownFileType = sourcecode.c.h; path = OAToken_KeychainExtensions.h; sourceTree = "<group>"; };
		C3F7F4581345077000EF76D7 /* OAuthConsumer.h */ = {isa = PBXFileReference; fileEncoding = 4; lastKnownFileType = sourcecode.c.h; path = OAuthConsumer.h; sourceTree = "<group>"; };
		C3F7F45A1345077000EF76D7 /* MGTwitterEngine.h */ = {isa = PBXFileReference; fileEncoding = 4; lastKnownFileType = sourcecode.c.h; path = MGTwitterEngine.h; sourceTree = "<group>"; };
		C3F7F45B1345077000EF76D7 /* MGTwitterEngine.m */ = {isa = PBXFileReference; fileEncoding = 4; lastKnownFileType = sourcecode.c.objc; path = MGTwitterEngine.m; sourceTree = "<group>"; };
		C3F7F45C1345077000EF76D7 /* MGTwitterEngineDelegate.h */ = {isa = PBXFileReference; fileEncoding = 4; lastKnownFileType = sourcecode.c.h; path = MGTwitterEngineDelegate.h; sourceTree = "<group>"; };
		C3F7F45D1345077000EF76D7 /* MGTwitterEngineGlobalHeader.h */ = {isa = PBXFileReference; fileEncoding = 4; lastKnownFileType = sourcecode.c.h; path = MGTwitterEngineGlobalHeader.h; sourceTree = "<group>"; };
		C3F7F45E1345077000EF76D7 /* MGTwitterHTTPURLConnection.h */ = {isa = PBXFileReference; fileEncoding = 4; lastKnownFileType = sourcecode.c.h; path = MGTwitterHTTPURLConnection.h; sourceTree = "<group>"; };
		C3F7F45F1345077000EF76D7 /* MGTwitterHTTPURLConnection.m */ = {isa = PBXFileReference; fileEncoding = 4; lastKnownFileType = sourcecode.c.objc; path = MGTwitterHTTPURLConnection.m; sourceTree = "<group>"; };
		C3F7F4601345077000EF76D7 /* MGTwitterLibXMLParser.h */ = {isa = PBXFileReference; fileEncoding = 4; lastKnownFileType = sourcecode.c.h; path = MGTwitterLibXMLParser.h; sourceTree = "<group>"; };
		C3F7F4611345077000EF76D7 /* MGTwitterLibXMLParser.m */ = {isa = PBXFileReference; fileEncoding = 4; lastKnownFileType = sourcecode.c.objc; path = MGTwitterLibXMLParser.m; sourceTree = "<group>"; };
		C3F7F4621345077000EF76D7 /* MGTwitterMessagesLibXMLParser.h */ = {isa = PBXFileReference; fileEncoding = 4; lastKnownFileType = sourcecode.c.h; path = MGTwitterMessagesLibXMLParser.h; sourceTree = "<group>"; };
		C3F7F4631345077000EF76D7 /* MGTwitterMessagesLibXMLParser.m */ = {isa = PBXFileReference; fileEncoding = 4; lastKnownFileType = sourcecode.c.objc; path = MGTwitterMessagesLibXMLParser.m; sourceTree = "<group>"; };
		C3F7F4641345077000EF76D7 /* MGTwitterMessagesParser.h */ = {isa = PBXFileReference; fileEncoding = 4; lastKnownFileType = sourcecode.c.h; path = MGTwitterMessagesParser.h; sourceTree = "<group>"; };
		C3F7F4651345077000EF76D7 /* MGTwitterMessagesParser.m */ = {isa = PBXFileReference; fileEncoding = 4; lastKnownFileType = sourcecode.c.objc; path = MGTwitterMessagesParser.m; sourceTree = "<group>"; };
		C3F7F4661345077000EF76D7 /* MGTwitterMiscLibXMLParser.h */ = {isa = PBXFileReference; fileEncoding = 4; lastKnownFileType = sourcecode.c.h; path = MGTwitterMiscLibXMLParser.h; sourceTree = "<group>"; };
		C3F7F4671345077000EF76D7 /* MGTwitterMiscLibXMLParser.m */ = {isa = PBXFileReference; fileEncoding = 4; lastKnownFileType = sourcecode.c.objc; path = MGTwitterMiscLibXMLParser.m; sourceTree = "<group>"; };
		C3F7F4681345077000EF76D7 /* MGTwitterMiscParser.h */ = {isa = PBXFileReference; fileEncoding = 4; lastKnownFileType = sourcecode.c.h; path = MGTwitterMiscParser.h; sourceTree = "<group>"; };
		C3F7F4691345077000EF76D7 /* MGTwitterMiscParser.m */ = {isa = PBXFileReference; fileEncoding = 4; lastKnownFileType = sourcecode.c.objc; path = MGTwitterMiscParser.m; sourceTree = "<group>"; };
		C3F7F46A1345077000EF76D7 /* MGTwitterParserDelegate.h */ = {isa = PBXFileReference; fileEncoding = 4; lastKnownFileType = sourcecode.c.h; path = MGTwitterParserDelegate.h; sourceTree = "<group>"; };
		C3F7F46B1345077000EF76D7 /* MGTwitterRequestTypes.h */ = {isa = PBXFileReference; fileEncoding = 4; lastKnownFileType = sourcecode.c.h; path = MGTwitterRequestTypes.h; sourceTree = "<group>"; };
		C3F7F46C1345077000EF76D7 /* MGTwitterStatusesLibXMLParser.h */ = {isa = PBXFileReference; fileEncoding = 4; lastKnownFileType = sourcecode.c.h; path = MGTwitterStatusesLibXMLParser.h; sourceTree = "<group>"; };
		C3F7F46D1345077000EF76D7 /* MGTwitterStatusesLibXMLParser.m */ = {isa = PBXFileReference; fileEncoding = 4; lastKnownFileType = sourcecode.c.objc; path = MGTwitterStatusesLibXMLParser.m; sourceTree = "<group>"; };
		C3F7F46E1345077000EF76D7 /* MGTwitterStatusesParser.h */ = {isa = PBXFileReference; fileEncoding = 4; lastKnownFileType = sourcecode.c.h; path = MGTwitterStatusesParser.h; sourceTree = "<group>"; };
		C3F7F46F1345077000EF76D7 /* MGTwitterStatusesParser.m */ = {isa = PBXFileReference; fileEncoding = 4; lastKnownFileType = sourcecode.c.objc; path = MGTwitterStatusesParser.m; sourceTree = "<group>"; };
		C3F7F4701345077000EF76D7 /* MGTwitterUsersLibXMLParser.h */ = {isa = PBXFileReference; fileEncoding = 4; lastKnownFileType = sourcecode.c.h; path = MGTwitterUsersLibXMLParser.h; sourceTree = "<group>"; };
		C3F7F4711345077000EF76D7 /* MGTwitterUsersLibXMLParser.m */ = {isa = PBXFileReference; fileEncoding = 4; lastKnownFileType = sourcecode.c.objc; path = MGTwitterUsersLibXMLParser.m; sourceTree = "<group>"; };
		C3F7F4721345077000EF76D7 /* MGTwitterUsersParser.h */ = {isa = PBXFileReference; fileEncoding = 4; lastKnownFileType = sourcecode.c.h; path = MGTwitterUsersParser.h; sourceTree = "<group>"; };
		C3F7F4731345077000EF76D7 /* MGTwitterUsersParser.m */ = {isa = PBXFileReference; fileEncoding = 4; lastKnownFileType = sourcecode.c.objc; path = MGTwitterUsersParser.m; sourceTree = "<group>"; };
		C3F7F4741345077000EF76D7 /* MGTwitterXMLParser.h */ = {isa = PBXFileReference; fileEncoding = 4; lastKnownFileType = sourcecode.c.h; path = MGTwitterXMLParser.h; sourceTree = "<group>"; };
		C3F7F4751345077000EF76D7 /* MGTwitterXMLParser.m */ = {isa = PBXFileReference; fileEncoding = 4; lastKnownFileType = sourcecode.c.objc; path = MGTwitterXMLParser.m; sourceTree = "<group>"; };
		C3F7F4761345077000EF76D7 /* NSData+Base64.h */ = {isa = PBXFileReference; fileEncoding = 4; lastKnownFileType = sourcecode.c.h; path = "NSData+Base64.h"; sourceTree = "<group>"; };
		C3F7F4771345077000EF76D7 /* NSData+Base64.m */ = {isa = PBXFileReference; fileEncoding = 4; lastKnownFileType = sourcecode.c.objc; path = "NSData+Base64.m"; sourceTree = "<group>"; };
		C3F7F4781345077000EF76D7 /* NSString+UUID.h */ = {isa = PBXFileReference; fileEncoding = 4; lastKnownFileType = sourcecode.c.h; path = "NSString+UUID.h"; sourceTree = "<group>"; };
		C3F7F4791345077000EF76D7 /* NSString+UUID.m */ = {isa = PBXFileReference; fileEncoding = 4; lastKnownFileType = sourcecode.c.objc; path = "NSString+UUID.m"; sourceTree = "<group>"; };
		C3F7F47B1345077000EF76D7 /* loading.png */ = {isa = PBXFileReference; lastKnownFileType = image.png; path = loading.png; sourceTree = "<group>"; };
		C3F7F47C1345077000EF76D7 /* SA_OAuthTwitterController.h */ = {isa = PBXFileReference; fileEncoding = 4; lastKnownFileType = sourcecode.c.h; path = SA_OAuthTwitterController.h; sourceTree = "<group>"; };
		C3F7F47D1345077000EF76D7 /* SA_OAuthTwitterController.m */ = {isa = PBXFileReference; fileEncoding = 4; lastKnownFileType = sourcecode.c.objc; path = SA_OAuthTwitterController.m; sourceTree = "<group>"; };
		C3F7F47E1345077000EF76D7 /* SA_OAuthTwitterEngine.h */ = {isa = PBXFileReference; fileEncoding = 4; lastKnownFileType = sourcecode.c.h; path = SA_OAuthTwitterEngine.h; sourceTree = "<group>"; };
		C3F7F47F1345077000EF76D7 /* SA_OAuthTwitterEngine.m */ = {isa = PBXFileReference; fileEncoding = 4; lastKnownFileType = sourcecode.c.objc; path = SA_OAuthTwitterEngine.m; sourceTree = "<group>"; };
		C3F7F495134508A300EF76D7 /* libxml2.2.dylib */ = {isa = PBXFileReference; lastKnownFileType = "compiled.mach-o.dylib"; name = libxml2.2.dylib; path = usr/lib/libxml2.2.dylib; sourceTree = SDKROOT; };
		C3F7F497134512B200EF76D7 /* MediaPlayer.framework */ = {isa = PBXFileReference; lastKnownFileType = wrapper.framework; name = MediaPlayer.framework; path = System/Library/Frameworks/MediaPlayer.framework; sourceTree = SDKROOT; };
/* End PBXFileReference section */

/* Begin PBXFrameworksBuildPhase section */
		414038121334E32F000A5B0D /* Frameworks */ = {
			isa = PBXFrameworksBuildPhase;
			buildActionMask = 2147483647;
			files = (
				C3F7F498134512B200EF76D7 /* MediaPlayer.framework in Frameworks */,
				C3F7F496134508A300EF76D7 /* libxml2.2.dylib in Frameworks */,
				4140381A1334E32F000A5B0D /* UIKit.framework in Frameworks */,
				4140381C1334E32F000A5B0D /* Foundation.framework in Frameworks */,
				4140381E1334E32F000A5B0D /* CoreGraphics.framework in Frameworks */,
				414038201334E32F000A5B0D /* CoreData.framework in Frameworks */,
				C3F7F4821345077000EF76D7 /* libOAuth.a in Frameworks */,
			);
			runOnlyForDeploymentPostprocessing = 0;
		};
		4140383E1334E32F000A5B0D /* Frameworks */ = {
			isa = PBXFrameworksBuildPhase;
			buildActionMask = 2147483647;
			files = (
				414038431334E330000A5B0D /* UIKit.framework in Frameworks */,
				414038441334E330000A5B0D /* Foundation.framework in Frameworks */,
				414038451334E330000A5B0D /* CoreGraphics.framework in Frameworks */,
				414038461334E330000A5B0D /* CoreData.framework in Frameworks */,
			);
			runOnlyForDeploymentPostprocessing = 0;
		};
/* End PBXFrameworksBuildPhase section */

/* Begin PBXGroup section */
		4140380A1334E32F000A5B0D = {
			isa = PBXGroup;
			children = (
				C3F7F497134512B200EF76D7 /* MediaPlayer.framework */,
				C3F7F495134508A300EF76D7 /* libxml2.2.dylib */,
				C3F7F4441345077000EF76D7 /* Twitter+OAuth */,
				41E42F63133800C20069619A /* icon@2x.png */,
				41E42F61133800BD0069619A /* icon.png */,
				41ED516313352187001B5B8A /* Default.png */,
				41ED515F133520C5001B5B8A /* Default@2x.png */,
				414038211334E32F000A5B0D /* imPulse */,
				414038491334E330000A5B0D /* imPulseTests */,
				414038181334E32F000A5B0D /* Frameworks */,
				414038161334E32F000A5B0D /* Products */,
				41ED5165133521D4001B5B8A /* Graphics */,
			);
			sourceTree = "<group>";
		};
		414038161334E32F000A5B0D /* Products */ = {
			isa = PBXGroup;
			children = (
				414038151334E32F000A5B0D /* imPulse.app */,
				414038421334E330000A5B0D /* imPulseTests.octest */,
			);
			name = Products;
			sourceTree = "<group>";
		};
		414038181334E32F000A5B0D /* Frameworks */ = {
			isa = PBXGroup;
			children = (
				414038191334E32F000A5B0D /* UIKit.framework */,
				4140381B1334E32F000A5B0D /* Foundation.framework */,
				4140381D1334E32F000A5B0D /* CoreGraphics.framework */,
				4140381F1334E32F000A5B0D /* CoreData.framework */,
			);
			name = Frameworks;
			sourceTree = "<group>";
		};
		414038211334E32F000A5B0D /* imPulse */ = {
			isa = PBXGroup;
			children = (
				4140382A1334E32F000A5B0D /* imPulseAppDelegate.h */,
				4140382B1334E32F000A5B0D /* imPulseAppDelegate.m */,
				414038301334E32F000A5B0D /* MainWindow.xib */,
				414038331334E32F000A5B0D /* MainViewController.h */,
				414038341334E32F000A5B0D /* MainViewController.m */,
				414038361334E32F000A5B0D /* MainView.xib */,
				414038381334E32F000A5B0D /* FlipsideViewController.h */,
				414038391334E32F000A5B0D /* FlipsideViewController.m */,
				4140383B1334E32F000A5B0D /* FlipsideView.xib */,
				4140382D1334E32F000A5B0D /* imPulse.xcdatamodeld */,
				414038221334E32F000A5B0D /* Supporting Files */,
			);
			path = imPulse;
			sourceTree = "<group>";
		};
		414038221334E32F000A5B0D /* Supporting Files */ = {
			isa = PBXGroup;
			children = (
				414038231334E32F000A5B0D /* imPulse-Info.plist */,
				414038241334E32F000A5B0D /* InfoPlist.strings */,
				414038271334E32F000A5B0D /* imPulse-Prefix.pch */,
				414038281334E32F000A5B0D /* main.m */,
			);
			name = "Supporting Files";
			sourceTree = "<group>";
		};
		414038491334E330000A5B0D /* imPulseTests */ = {
			isa = PBXGroup;
			children = (
				414038501334E330000A5B0D /* imPulseTests.h */,
				414038521334E330000A5B0D /* imPulseTests.m */,
				4140384A1334E330000A5B0D /* Supporting Files */,
			);
			path = imPulseTests;
			sourceTree = "<group>";
		};
		4140384A1334E330000A5B0D /* Supporting Files */ = {
			isa = PBXGroup;
			children = (
				4140384B1334E330000A5B0D /* imPulseTests-Info.plist */,
				4140384C1334E330000A5B0D /* InfoPlist.strings */,
				4140384F1334E330000A5B0D /* imPulseTests-Prefix.pch */,
			);
			name = "Supporting Files";
			sourceTree = "<group>";
		};
		41ED5165133521D4001B5B8A /* Graphics */ = {
			isa = PBXGroup;
			children = (
				41ED5166133521F0001B5B8A /* Background.png */,
				41ED5167133521F0001B5B8A /* Background@2x.png */,
			);
			name = Graphics;
			sourceTree = "<group>";
		};
		C3F7F4441345077000EF76D7 /* Twitter+OAuth */ = {
			isa = PBXGroup;
			children = (
				C3F7F4451345077000EF76D7 /* Libraries & Headers */,
				C3F7F4591345077000EF76D7 /* MGTwitterEngine */,
				C3F7F47A1345077000EF76D7 /* SAOAuthTwitterEngine */,
			);
			path = "Twitter+OAuth";
			sourceTree = "<group>";
		};
		C3F7F4451345077000EF76D7 /* Libraries & Headers */ = {
			isa = PBXGroup;
			children = (
				C3F7F4461345077000EF76D7 /* jQueryInject.txt */,
				C3F7F4471345077000EF76D7 /* jQueryInjectLandscape.txt */,
				C3F7F4481345077000EF76D7 /* libOAuth.a */,
				C3F7F4491345077000EF76D7 /* OAuthConsumer */,
			);
			path = "Libraries & Headers";
			sourceTree = "<group>";
		};
		C3F7F4491345077000EF76D7 /* OAuthConsumer */ = {
			isa = PBXGroup;
			children = (
				C3F7F44A1345077000EF76D7 /* NSMutableURLRequest+Parameters.h */,
				C3F7F44B1345077000EF76D7 /* NSString+URLEncoding.h */,
				C3F7F44C1345077000EF76D7 /* NSURL+Base.h */,
				C3F7F44D1345077000EF76D7 /* OAAsynchronousDataFetcher.h */,
				C3F7F44E1345077000EF76D7 /* OAConsumer.h */,
				C3F7F44F1345077000EF76D7 /* OADataFetcher.h */,
				C3F7F4501345077000EF76D7 /* OAHMAC_SHA1SignatureProvider.h */,
				C3F7F4511345077000EF76D7 /* OAMutableURLRequest.h */,
				C3F7F4521345077000EF76D7 /* OAPlaintextSignatureProvider.h */,
				C3F7F4531345077000EF76D7 /* OARequestParameter.h */,
				C3F7F4541345077000EF76D7 /* OAServiceTicket.h */,
				C3F7F4551345077000EF76D7 /* OASignatureProviding.h */,
				C3F7F4561345077000EF76D7 /* OAToken.h */,
				C3F7F4571345077000EF76D7 /* OAToken_KeychainExtensions.h */,
				C3F7F4581345077000EF76D7 /* OAuthConsumer.h */,
			);
			path = OAuthConsumer;
			sourceTree = "<group>";
		};
		C3F7F4591345077000EF76D7 /* MGTwitterEngine */ = {
			isa = PBXGroup;
			children = (
				C3F7F45A1345077000EF76D7 /* MGTwitterEngine.h */,
				C3F7F45B1345077000EF76D7 /* MGTwitterEngine.m */,
				C3F7F45C1345077000EF76D7 /* MGTwitterEngineDelegate.h */,
				C3F7F45D1345077000EF76D7 /* MGTwitterEngineGlobalHeader.h */,
				C3F7F45E1345077000EF76D7 /* MGTwitterHTTPURLConnection.h */,
				C3F7F45F1345077000EF76D7 /* MGTwitterHTTPURLConnection.m */,
				C3F7F4601345077000EF76D7 /* MGTwitterLibXMLParser.h */,
				C3F7F4611345077000EF76D7 /* MGTwitterLibXMLParser.m */,
				C3F7F4621345077000EF76D7 /* MGTwitterMessagesLibXMLParser.h */,
				C3F7F4631345077000EF76D7 /* MGTwitterMessagesLibXMLParser.m */,
				C3F7F4641345077000EF76D7 /* MGTwitterMessagesParser.h */,
				C3F7F4651345077000EF76D7 /* MGTwitterMessagesParser.m */,
				C3F7F4661345077000EF76D7 /* MGTwitterMiscLibXMLParser.h */,
				C3F7F4671345077000EF76D7 /* MGTwitterMiscLibXMLParser.m */,
				C3F7F4681345077000EF76D7 /* MGTwitterMiscParser.h */,
				C3F7F4691345077000EF76D7 /* MGTwitterMiscParser.m */,
				C3F7F46A1345077000EF76D7 /* MGTwitterParserDelegate.h */,
				C3F7F46B1345077000EF76D7 /* MGTwitterRequestTypes.h */,
				C3F7F46C1345077000EF76D7 /* MGTwitterStatusesLibXMLParser.h */,
				C3F7F46D1345077000EF76D7 /* MGTwitterStatusesLibXMLParser.m */,
				C3F7F46E1345077000EF76D7 /* MGTwitterStatusesParser.h */,
				C3F7F46F1345077000EF76D7 /* MGTwitterStatusesParser.m */,
				C3F7F4701345077000EF76D7 /* MGTwitterUsersLibXMLParser.h */,
				C3F7F4711345077000EF76D7 /* MGTwitterUsersLibXMLParser.m */,
				C3F7F4721345077000EF76D7 /* MGTwitterUsersParser.h */,
				C3F7F4731345077000EF76D7 /* MGTwitterUsersParser.m */,
				C3F7F4741345077000EF76D7 /* MGTwitterXMLParser.h */,
				C3F7F4751345077000EF76D7 /* MGTwitterXMLParser.m */,
				C3F7F4761345077000EF76D7 /* NSData+Base64.h */,
				C3F7F4771345077000EF76D7 /* NSData+Base64.m */,
				C3F7F4781345077000EF76D7 /* NSString+UUID.h */,
				C3F7F4791345077000EF76D7 /* NSString+UUID.m */,
			);
			path = MGTwitterEngine;
			sourceTree = "<group>";
		};
		C3F7F47A1345077000EF76D7 /* SAOAuthTwitterEngine */ = {
			isa = PBXGroup;
			children = (
				C3F7F47B1345077000EF76D7 /* loading.png */,
				C3F7F47C1345077000EF76D7 /* SA_OAuthTwitterController.h */,
				C3F7F47D1345077000EF76D7 /* SA_OAuthTwitterController.m */,
				C3F7F47E1345077000EF76D7 /* SA_OAuthTwitterEngine.h */,
				C3F7F47F1345077000EF76D7 /* SA_OAuthTwitterEngine.m */,
			);
			path = SAOAuthTwitterEngine;
			sourceTree = "<group>";
		};
/* End PBXGroup section */

/* Begin PBXNativeTarget section */
		414038141334E32F000A5B0D /* imPulse */ = {
			isa = PBXNativeTarget;
			buildConfigurationList = 414038561334E330000A5B0D /* Build configuration list for PBXNativeTarget "imPulse" */;
			buildPhases = (
				414038111334E32F000A5B0D /* Sources */,
				414038121334E32F000A5B0D /* Frameworks */,
				414038131334E32F000A5B0D /* Resources */,
			);
			buildRules = (
			);
			dependencies = (
			);
			name = imPulse;
			productName = imPulse;
			productReference = 414038151334E32F000A5B0D /* imPulse.app */;
			productType = "com.apple.product-type.application";
		};
		414038411334E32F000A5B0D /* imPulseTests */ = {
			isa = PBXNativeTarget;
			buildConfigurationList = 414038591334E330000A5B0D /* Build configuration list for PBXNativeTarget "imPulseTests" */;
			buildPhases = (
				4140383D1334E32F000A5B0D /* Sources */,
				4140383E1334E32F000A5B0D /* Frameworks */,
				4140383F1334E32F000A5B0D /* Resources */,
				414038401334E32F000A5B0D /* ShellScript */,
			);
			buildRules = (
			);
			dependencies = (
				414038481334E330000A5B0D /* PBXTargetDependency */,
			);
			name = imPulseTests;
			productName = imPulseTests;
			productReference = 414038421334E330000A5B0D /* imPulseTests.octest */;
			productType = "com.apple.product-type.bundle";
		};
/* End PBXNativeTarget section */

/* Begin PBXProject section */
		4140380C1334E32F000A5B0D /* Project object */ = {
			isa = PBXProject;
			attributes = {
				ORGANIZATIONNAME = "Saddleback College";
			};
			buildConfigurationList = 4140380F1334E32F000A5B0D /* Build configuration list for PBXProject "imPulse" */;
			compatibilityVersion = "Xcode 3.2";
			developmentRegion = English;
			hasScannedForEncodings = 0;
			knownRegions = (
				en,
			);
			mainGroup = 4140380A1334E32F000A5B0D;
			productRefGroup = 414038161334E32F000A5B0D /* Products */;
			projectDirPath = "";
			projectRoot = "";
			targets = (
				414038141334E32F000A5B0D /* imPulse */,
				414038411334E32F000A5B0D /* imPulseTests */,
			);
		};
/* End PBXProject section */

/* Begin PBXResourcesBuildPhase section */
		414038131334E32F000A5B0D /* Resources */ = {
			isa = PBXResourcesBuildPhase;
			buildActionMask = 2147483647;
			files = (
				414038261334E32F000A5B0D /* InfoPlist.strings in Resources */,
				414038321334E32F000A5B0D /* MainWindow.xib in Resources */,
				414038371334E32F000A5B0D /* MainView.xib in Resources */,
				4140383C1334E32F000A5B0D /* FlipsideView.xib in Resources */,
				41ED516213352181001B5B8A /* Default@2x.png in Resources */,
				41ED516413352187001B5B8A /* Default.png in Resources */,
				41ED5168133521F0001B5B8A /* Background.png in Resources */,
				41ED5169133521F0001B5B8A /* Background@2x.png in Resources */,
				41E42F62133800BD0069619A /* icon.png in Resources */,
				41E42F64133800C20069619A /* icon@2x.png in Resources */,
				C3F7F4801345077000EF76D7 /* jQueryInject.txt in Resources */,
				C3F7F4811345077000EF76D7 /* jQueryInjectLandscape.txt in Resources */,
				C3F7F4911345077000EF76D7 /* loading.png in Resources */,
			);
			runOnlyForDeploymentPostprocessing = 0;
		};
		4140383F1334E32F000A5B0D /* Resources */ = {
			isa = PBXResourcesBuildPhase;
			buildActionMask = 2147483647;
			files = (
				4140384E1334E330000A5B0D /* InfoPlist.strings in Resources */,
				414038511334E330000A5B0D /* imPulseTests.h in Resources */,
			);
			runOnlyForDeploymentPostprocessing = 0;
		};
/* End PBXResourcesBuildPhase section */

/* Begin PBXShellScriptBuildPhase section */
		414038401334E32F000A5B0D /* ShellScript */ = {
			isa = PBXShellScriptBuildPhase;
			buildActionMask = 2147483647;
			files = (
			);
			inputPaths = (
			);
			outputPaths = (
			);
			runOnlyForDeploymentPostprocessing = 0;
			shellPath = /bin/sh;
			shellScript = "# Run the unit tests in this test bundle.\n\"${SYSTEM_DEVELOPER_DIR}/Tools/RunUnitTests\"\n";
		};
/* End PBXShellScriptBuildPhase section */

/* Begin PBXSourcesBuildPhase section */
		414038111334E32F000A5B0D /* Sources */ = {
			isa = PBXSourcesBuildPhase;
			buildActionMask = 2147483647;
			files = (
				414038291334E32F000A5B0D /* main.m in Sources */,
				4140382C1334E32F000A5B0D /* imPulseAppDelegate.m in Sources */,
				4140382F1334E32F000A5B0D /* imPulse.xcdatamodeld in Sources */,
				414038351334E32F000A5B0D /* MainViewController.m in Sources */,
				4140383A1334E32F000A5B0D /* FlipsideViewController.m in Sources */,
				C3F7F4831345077000EF76D7 /* MGTwitterEngine.m in Sources */,
				C3F7F4841345077000EF76D7 /* MGTwitterHTTPURLConnection.m in Sources */,
				C3F7F4851345077000EF76D7 /* MGTwitterLibXMLParser.m in Sources */,
				C3F7F4861345077000EF76D7 /* MGTwitterMessagesLibXMLParser.m in Sources */,
				C3F7F4871345077000EF76D7 /* MGTwitterMessagesParser.m in Sources */,
				C3F7F4881345077000EF76D7 /* MGTwitterMiscLibXMLParser.m in Sources */,
				C3F7F4891345077000EF76D7 /* MGTwitterMiscParser.m in Sources */,
				C3F7F48A1345077000EF76D7 /* MGTwitterStatusesLibXMLParser.m in Sources */,
				C3F7F48B1345077000EF76D7 /* MGTwitterStatusesParser.m in Sources */,
				C3F7F48C1345077000EF76D7 /* MGTwitterUsersLibXMLParser.m in Sources */,
				C3F7F48D1345077000EF76D7 /* MGTwitterUsersParser.m in Sources */,
				C3F7F48E1345077000EF76D7 /* MGTwitterXMLParser.m in Sources */,
				C3F7F48F1345077000EF76D7 /* NSData+Base64.m in Sources */,
				C3F7F4901345077000EF76D7 /* NSString+UUID.m in Sources */,
				C3F7F4921345077000EF76D7 /* SA_OAuthTwitterController.m in Sources */,
				C3F7F4931345077000EF76D7 /* SA_OAuthTwitterEngine.m in Sources */,
			);
			runOnlyForDeploymentPostprocessing = 0;
		};
		4140383D1334E32F000A5B0D /* Sources */ = {
			isa = PBXSourcesBuildPhase;
			buildActionMask = 2147483647;
			files = (
				414038531334E330000A5B0D /* imPulseTests.m in Sources */,
			);
			runOnlyForDeploymentPostprocessing = 0;
		};
/* End PBXSourcesBuildPhase section */

/* Begin PBXTargetDependency section */
		414038481334E330000A5B0D /* PBXTargetDependency */ = {
			isa = PBXTargetDependency;
			target = 414038141334E32F000A5B0D /* imPulse */;
			targetProxy = 414038471334E330000A5B0D /* PBXContainerItemProxy */;
		};
/* End PBXTargetDependency section */

/* Begin PBXVariantGroup section */
		414038241334E32F000A5B0D /* InfoPlist.strings */ = {
			isa = PBXVariantGroup;
			children = (
				414038251334E32F000A5B0D /* en */,
			);
			name = InfoPlist.strings;
			sourceTree = "<group>";
		};
		414038301334E32F000A5B0D /* MainWindow.xib */ = {
			isa = PBXVariantGroup;
			children = (
				414038311334E32F000A5B0D /* en */,
			);
			name = MainWindow.xib;
			sourceTree = "<group>";
		};
		4140384C1334E330000A5B0D /* InfoPlist.strings */ = {
			isa = PBXVariantGroup;
			children = (
				4140384D1334E330000A5B0D /* en */,
			);
			name = InfoPlist.strings;
			sourceTree = "<group>";
		};
/* End PBXVariantGroup section */

/* Begin XCBuildConfiguration section */
		414038541334E330000A5B0D /* Debug */ = {
			isa = XCBuildConfiguration;
			buildSettings = {
				ARCHS = "$(ARCHS_STANDARD_32_BIT)";
				CODE_SIGN_IDENTITY = "";
				"CODE_SIGN_IDENTITY[sdk=iphoneos*]" = "iPhone Developer";
				GCC_C_LANGUAGE_STANDARD = gnu99;
				GCC_OPTIMIZATION_LEVEL = 0;
				GCC_PREPROCESSOR_DEFINITIONS = DEBUG;
				GCC_SYMBOLS_PRIVATE_EXTERN = NO;
				GCC_VERSION = com.apple.compilers.llvmgcc42;
				GCC_WARN_ABOUT_RETURN_TYPE = YES;
				GCC_WARN_UNUSED_VARIABLE = YES;
				IPHONEOS_DEPLOYMENT_TARGET = 4.3;
				"PROVISIONING_PROFILE[sdk=iphoneos*]" = "";
				SDKROOT = iphoneos;
			};
			name = Debug;
		};
		414038551334E330000A5B0D /* Release */ = {
			isa = XCBuildConfiguration;
			buildSettings = {
				ARCHS = "$(ARCHS_STANDARD_32_BIT)";
				CODE_SIGN_IDENTITY = "";
				"CODE_SIGN_IDENTITY[sdk=iphoneos*]" = "iPhone Developer";
				GCC_C_LANGUAGE_STANDARD = gnu99;
				GCC_VERSION = com.apple.compilers.llvmgcc42;
				GCC_WARN_ABOUT_RETURN_TYPE = YES;
				GCC_WARN_UNUSED_VARIABLE = YES;
				IPHONEOS_DEPLOYMENT_TARGET = 4.3;
				OTHER_CFLAGS = "-DNS_BLOCK_ASSERTIONS=1";
				"PROVISIONING_PROFILE[sdk=iphoneos*]" = "";
				SDKROOT = iphoneos;
			};
			name = Release;
		};
		414038571334E330000A5B0D /* Debug */ = {
			isa = XCBuildConfiguration;
			buildSettings = {
				ALWAYS_SEARCH_USER_PATHS = NO;
				"CODE_SIGN_IDENTITY[sdk=iphoneos*]" = "iPhone Developer";
				COPY_PHASE_STRIP = NO;
				GCC_DYNAMIC_NO_PIC = NO;
				GCC_PRECOMPILE_PREFIX_HEADER = YES;
				GCC_PREFIX_HEADER = "imPulse/imPulse-Prefix.pch";
				HEADER_SEARCH_PATHS = /usr/include/libxml2;
				INFOPLIST_FILE = "imPulse/imPulse-Info.plist";
				IPHONEOS_DEPLOYMENT_TARGET = 4.3;
				LIBRARY_SEARCH_PATHS = (
					"$(inherited)",
					"\"$(SRCROOT)/Twitter+OAuth/Libraries & Headers\"",
				);
				PRODUCT_NAME = "$(TARGET_NAME)";
				"PROVISIONING_PROFILE[sdk=iphoneos*]" = "";
				TARGETED_DEVICE_FAMILY = 1;
				WRAPPER_EXTENSION = app;
			};
			name = Debug;
		};
		414038581334E330000A5B0D /* Release */ = {
			isa = XCBuildConfiguration;
			buildSettings = {
				ALWAYS_SEARCH_USER_PATHS = NO;
				"CODE_SIGN_IDENTITY[sdk=iphoneos*]" = "iPhone Developer";
				COPY_PHASE_STRIP = YES;
				GCC_PRECOMPILE_PREFIX_HEADER = YES;
				GCC_PREFIX_HEADER = "imPulse/imPulse-Prefix.pch";
				HEADER_SEARCH_PATHS = /usr/include/libxml2;
				INFOPLIST_FILE = "imPulse/imPulse-Info.plist";
				IPHONEOS_DEPLOYMENT_TARGET = 4.3;
				LIBRARY_SEARCH_PATHS = (
					"$(inherited)",
					"\"$(SRCROOT)/Twitter+OAuth/Libraries & Headers\"",
				);
				PRODUCT_NAME = "$(TARGET_NAME)";
				"PROVISIONING_PROFILE[sdk=iphoneos*]" = "";
				TARGETED_DEVICE_FAMILY = 1;
				VALIDATE_PRODUCT = YES;
				WRAPPER_EXTENSION = app;
			};
			name = Release;
		};
		4140385A1334E330000A5B0D /* Debug */ = {
			isa = XCBuildConfiguration;
			buildSettings = {
				ALWAYS_SEARCH_USER_PATHS = NO;
				BUNDLE_LOADER = "$(BUILT_PRODUCTS_DIR)/imPulse.app/imPulse";
				FRAMEWORK_SEARCH_PATHS = (
					"$(SDKROOT)/Developer/Library/Frameworks",
					"$(DEVELOPER_LIBRARY_DIR)/Frameworks",
				);
				GCC_PRECOMPILE_PREFIX_HEADER = YES;
				GCC_PREFIX_HEADER = "imPulseTests/imPulseTests-Prefix.pch";
				INFOPLIST_FILE = "imPulseTests/imPulseTests-Info.plist";
				OTHER_LDFLAGS = (
					"-framework",
					SenTestingKit,
				);
				PRODUCT_NAME = "$(TARGET_NAME)";
				TEST_HOST = "$(BUNDLE_LOADER)";
				WRAPPER_EXTENSION = octest;
			};
			name = Debug;
		};
		4140385B1334E330000A5B0D /* Release */ = {
			isa = XCBuildConfiguration;
			buildSettings = {
				ALWAYS_SEARCH_USER_PATHS = NO;
				BUNDLE_LOADER = "$(BUILT_PRODUCTS_DIR)/imPulse.app/imPulse";
				FRAMEWORK_SEARCH_PATHS = (
					"$(SDKROOT)/Developer/Library/Frameworks",
					"$(DEVELOPER_LIBRARY_DIR)/Frameworks",
				);
				GCC_PRECOMPILE_PREFIX_HEADER = YES;
				GCC_PREFIX_HEADER = "imPulseTests/imPulseTests-Prefix.pch";
				INFOPLIST_FILE = "imPulseTests/imPulseTests-Info.plist";
				OTHER_LDFLAGS = (
					"-framework",
					SenTestingKit,
				);
				PRODUCT_NAME = "$(TARGET_NAME)";
				TEST_HOST = "$(BUNDLE_LOADER)";
				WRAPPER_EXTENSION = octest;
			};
			name = Release;
		};
/* End XCBuildConfiguration section */

/* Begin XCConfigurationList section */
		4140380F1334E32F000A5B0D /* Build configuration list for PBXProject "imPulse" */ = {
			isa = XCConfigurationList;
			buildConfigurations = (
				414038541334E330000A5B0D /* Debug */,
				414038551334E330000A5B0D /* Release */,
			);
			defaultConfigurationIsVisible = 0;
			defaultConfigurationName = Release;
		};
		414038561334E330000A5B0D /* Build configuration list for PBXNativeTarget "imPulse" */ = {
			isa = XCConfigurationList;
			buildConfigurations = (
				414038571334E330000A5B0D /* Debug */,
				414038581334E330000A5B0D /* Release */,
			);
			defaultConfigurationIsVisible = 0;
			defaultConfigurationName = Release;
		};
		414038591334E330000A5B0D /* Build configuration list for PBXNativeTarget "imPulseTests" */ = {
			isa = XCConfigurationList;
			buildConfigurations = (
				4140385A1334E330000A5B0D /* Debug */,
				4140385B1334E330000A5B0D /* Release */,
			);
			defaultConfigurationIsVisible = 0;
			defaultConfigurationName = Release;
		};
/* End XCConfigurationList section */

/* Begin XCVersionGroup section */
		4140382D1334E32F000A5B0D /* imPulse.xcdatamodeld */ = {
			isa = XCVersionGroup;
			children = (
				4140382E1334E32F000A5B0D /* imPulse.xcdatamodel */,
			);
			currentVersion = 4140382E1334E32F000A5B0D /* imPulse.xcdatamodel */;
			path = imPulse.xcdatamodeld;
			sourceTree = "<group>";
			versionGroupType = wrapper.xcdatamodel;
		};
/* End XCVersionGroup section */
	};
	rootObject = 4140380C1334E32F000A5B0D /* Project object */;
}
